<?xml version="1.0" encoding="utf-8"?>
<Project ToolsVersion="4.0" xmlns="http://schemas.microsoft.com/developer/msbuild/2003">
  <ItemGroup>
    <Filter Include="Normal">
      <UniqueIdentifier>{8E65EAC5-7A07-159C-63C2-28F04F039CEC}</UniqueIdentifier>
    </Filter>
    <Filter Include="Normal\Event">
      <UniqueIdentifier>{5F59F5EC-4BBC-8491-F441-BD47E0835014}</UniqueIdentifier>
    </Filter>
  </ItemGroup>
  <ItemGroup>
    <ClInclude Include="src\Normal\Application.h">
      <Filter>Normal</Filter>
    </ClInclude>
    <ClInclude Include="src\Normal\Core.h">
      <Filter>Normal</Filter>
    </ClInclude>
    <ClInclude Include="src\Normal\EntryPoint.h">
      <Filter>Normal</Filter>
    </ClInclude>
    <ClInclude Include="src\Normal\Event\Event.h">
      <Filter>Normal\Event</Filter>
    </ClInclude>
    <ClInclude Include="src\Normal\Log.h">
      <Filter>Normal</Filter>
    </ClInclude>
    <ClInclude Include="src\NormalEngine.h" />
  </ItemGroup>
  <ItemGroup>
    <ClCompile Include="src\Normal\Application.cpp">
      <Filter>Normal</Filter>
    </ClCompile>
    <ClCompile Include="src\Normal\Log.cpp">
      <Filter>Normal</Filter>
    </ClCompile>
  </ItemGroup>
</Project>